
Microsoft Visual Studio Solution File, Format Version 12.00
# Visual Studio 15
VisualStudioVersion = 15.0.28010.0
MinimumVisualStudioVersion = 10.0.40219.1
Project("{FAE04EC0-301F-11D3-BF4B-00C04F79EFBC}") = "MediaSyncTestsConsoleApp1", "MediaSyncTestsConsoleApp1\MediaSyncTestsConsoleApp1.csproj", "{ABD711B2-1870-4EDC-8397-DB7D33DD3A3C}"
EndProject
Project("{FAE04EC0-301F-11D3-BF4B-00C04F79EFBC}") = "UnitTestProject1", "UnitTestProject1\UnitTestProject1.csproj", "{D95A2F41-82D8-474E-B273-E96BA0FCC6D9}"
EndProject
Global
	GlobalSection(SolutionConfigurationPlatforms) = preSolution
		Debug|Any CPU = Debug|Any CPU
		Release|Any CPU = Release|Any CPU
	EndGlobalSection
	GlobalSection(ProjectConfigurationPlatforms) = postSolution
		{ABD711B2-1870-4EDC-8397-DB7D33DD3A3C}.Debug|Any CPU.ActiveCfg = Debug|Any CPU
		{ABD711B2-1870-4EDC-8397-DB7D33DD3A3C}.Debug|Any CPU.Build.0 = Debug|Any CPU
		{ABD711B2-1870-4EDC-8397-DB7D33DD3A3C}.Release|Any CPU.ActiveCfg = Release|Any CPU
		{ABD711B2-1870-4EDC-8397-DB7D33DD3A3C}.Release|Any CPU.Build.0 = Release|Any CPU
		{D95A2F41-82D8-474E-B273-E96BA0FCC6D9}.Debug|Any CPU.ActiveCfg = Debug|Any CPU
		{D95A2F41-82D8-474E-B273-E96BA0FCC6D9}.Debug|Any CPU.Build.0 = Debug|Any CPU
		{D95A2F41-82D8-474E-B273-E96BA0FCC6D9}.Release|Any CPU.ActiveCfg = Release|Any CPU
		{D95A2F41-82D8-474E-B273-E96BA0FCC6D9}.Release|Any CPU.Build.0 = Release|Any CPU
	EndGlobalSection
	GlobalSection(SolutionProperties) = preSolution
		HideSolutionNode = FALSE
	EndGlobalSection
	GlobalSection(ExtensibilityGlobals) = postSolution
		SolutionGuid = {CEB1B8F6-DDD0-4B27-B12F-3C1B2A197E0B}
	EndGlobalSection
EndGlobal
